
Microsoft Visual Studio Solution File, Format Version 12.00
# Visual Studio Version 16
VisualStudioVersion = 16.0.30804.86
MinimumVisualStudioVersion = 10.0.40219.1
Project("{2150E333-8FDC-42A3-9474-1A3956D46DE8}") = "src", "src", "{7A55B635-12FE-4050-8944-47E371C5012A}"
EndProject
Project("{2150E333-8FDC-42A3-9474-1A3956D46DE8}") = "BuildingBlocks", "BuildingBlocks", "{9C2538F0-7375-47C7-89E0-3C77BFADCA40}"
EndProject
Project("{2150E333-8FDC-42A3-9474-1A3956D46DE8}") = "Services", "Services", "{7435C921-4069-4207-9E93-009E8EA1A3DA}"
EndProject
Project("{2150E333-8FDC-42A3-9474-1A3956D46DE8}") = "Web", "Web", "{11AC8050-D50D-4BBA-8274-5F0A5F89625D}"
EndProject
Project("{2150E333-8FDC-42A3-9474-1A3956D46DE8}") = "Identities", "Identities", "{E2177FD0-42DC-466B-B133-D9663EA03557}"
EndProject
Project("{9A19103F-16F7-4668-BE54-9A1E7A4F7556}") = "NS.Identities.API", "src\services\NS.Identities.API\NS.Identities.API.csproj", "{FAD4E4D9-8437-43EE-91EC-9D3D227E4786}"
EndProject
Project("{2150E333-8FDC-42A3-9474-1A3956D46DE8}") = "MVC", "MVC", "{519B8D24-E014-4F0F-9EB0-E7018BAD9E74}"
EndProject
Project("{9A19103F-16F7-4668-BE54-9A1E7A4F7556}") = "NS.WebApp.MVC", "src\web\NS.WebApp.MVC\NS.WebApp.MVC.csproj", "{A4A7E2EA-E2E6-4690-9551-316A2CB34ECB}"
EndProject
Project("{2150E333-8FDC-42A3-9474-1A3956D46DE8}") = "Core", "Core", "{8AFFAF55-E7A2-449B-8927-ED3119247506}"
EndProject
Project("{9A19103F-16F7-4668-BE54-9A1E7A4F7556}") = "NS.Core", "src\buildingBlocks\NS.Core\NS.Core.csproj", "{8BC46010-E4A5-4211-8AA4-210BF7477C64}"
EndProject
Project("{9A19103F-16F7-4668-BE54-9A1E7A4F7556}") = "NS.ShoppingCart.API", "src\services\NS.ShoppingCart.API\NS.ShoppingCart.API.csproj", "{8272D9EC-3370-43D5-8062-ED281133A2E5}"
EndProject
Project("{9A19103F-16F7-4668-BE54-9A1E7A4F7556}") = "NS.ProductCatalog.API", "src\services\NS.ProductCatalog.API\NS.ProductCatalog.API.csproj", "{206C6FD7-E53C-4BF1-8040-FABA80C6C7DF}"
EndProject
Project("{9A19103F-16F7-4668-BE54-9A1E7A4F7556}") = "NS.Customer.API", "src\services\NS.Customer.API\NS.Customer.API.csproj", "{5BD233CB-BDB0-4155-9358-646EDA17DFC7}"
EndProject
Project("{9A19103F-16F7-4668-BE54-9A1E7A4F7556}") = "NS.Payment.API", "src\services\NS.Payment.API\NS.Payment.API.csproj", "{2C3C5A86-521F-49E7-BEDD-F3B797C3C9FE}"
EndProject
Project("{9A19103F-16F7-4668-BE54-9A1E7A4F7556}") = "NS.Order.API", "src\services\NS.Order.API\NS.Order.API.csproj", "{F789015C-4F6B-47A6-9650-8C40AFBEE3A3}"
EndProject
Project("{2150E333-8FDC-42A3-9474-1A3956D46DE8}") = "Customer", "Customer", "{8E768E44-BA0A-4F69-97AE-238CFF476352}"
EndProject
Project("{2150E333-8FDC-42A3-9474-1A3956D46DE8}") = "Order", "Order", "{61730CDB-3A1F-4169-AD6C-6E42D2897DCE}"
EndProject
Project("{2150E333-8FDC-42A3-9474-1A3956D46DE8}") = "Payment", "Payment", "{961BCB15-6DF9-4A15-99E4-8ED4D7603615}"
EndProject
Project("{2150E333-8FDC-42A3-9474-1A3956D46DE8}") = "ProductCatalog", "ProductCatalog", "{3B812D32-14E1-423A-A962-835FAF403C41}"
EndProject
Project("{2150E333-8FDC-42A3-9474-1A3956D46DE8}") = "ShoppingCart", "ShoppingCart", "{D8BBFBA5-723D-4CCE-B104-2D106BA581DF}"
EndProject
Project("{2150E333-8FDC-42A3-9474-1A3956D46DE8}") = "Services", "Services", "{E3EC04E8-6D8C-4107-9CB6-5AFCAA03E593}"
EndProject
Project("{FAE04EC0-301F-11D3-BF4B-00C04F79EFBC}") = "NS.WebApi.Core", "src\buildingBlocks\NS.WebApi.Core\NS.WebApi.Core.csproj", "{71CC0182-E731-4EBA-9E86-BE750835AC4F}"
EndProject
Global
	GlobalSection(SolutionConfigurationPlatforms) = preSolution
		Debug|Any CPU = Debug|Any CPU
		Release|Any CPU = Release|Any CPU
	EndGlobalSection
	GlobalSection(ProjectConfigurationPlatforms) = postSolution
		{FAD4E4D9-8437-43EE-91EC-9D3D227E4786}.Debug|Any CPU.ActiveCfg = Debug|Any CPU
		{FAD4E4D9-8437-43EE-91EC-9D3D227E4786}.Debug|Any CPU.Build.0 = Debug|Any CPU
		{FAD4E4D9-8437-43EE-91EC-9D3D227E4786}.Release|Any CPU.ActiveCfg = Release|Any CPU
		{FAD4E4D9-8437-43EE-91EC-9D3D227E4786}.Release|Any CPU.Build.0 = Release|Any CPU
		{A4A7E2EA-E2E6-4690-9551-316A2CB34ECB}.Debug|Any CPU.ActiveCfg = Debug|Any CPU
		{A4A7E2EA-E2E6-4690-9551-316A2CB34ECB}.Debug|Any CPU.Build.0 = Debug|Any CPU
		{A4A7E2EA-E2E6-4690-9551-316A2CB34ECB}.Release|Any CPU.ActiveCfg = Release|Any CPU
		{A4A7E2EA-E2E6-4690-9551-316A2CB34ECB}.Release|Any CPU.Build.0 = Release|Any CPU
		{8BC46010-E4A5-4211-8AA4-210BF7477C64}.Debug|Any CPU.ActiveCfg = Debug|Any CPU
		{8BC46010-E4A5-4211-8AA4-210BF7477C64}.Debug|Any CPU.Build.0 = Debug|Any CPU
		{8BC46010-E4A5-4211-8AA4-210BF7477C64}.Release|Any CPU.ActiveCfg = Release|Any CPU
		{8BC46010-E4A5-4211-8AA4-210BF7477C64}.Release|Any CPU.Build.0 = Release|Any CPU
		{8272D9EC-3370-43D5-8062-ED281133A2E5}.Debug|Any CPU.ActiveCfg = Debug|Any CPU
		{8272D9EC-3370-43D5-8062-ED281133A2E5}.Debug|Any CPU.Build.0 = Debug|Any CPU
		{8272D9EC-3370-43D5-8062-ED281133A2E5}.Release|Any CPU.ActiveCfg = Release|Any CPU
		{8272D9EC-3370-43D5-8062-ED281133A2E5}.Release|Any CPU.Build.0 = Release|Any CPU
		{206C6FD7-E53C-4BF1-8040-FABA80C6C7DF}.Debug|Any CPU.ActiveCfg = Debug|Any CPU
		{206C6FD7-E53C-4BF1-8040-FABA80C6C7DF}.Debug|Any CPU.Build.0 = Debug|Any CPU
		{206C6FD7-E53C-4BF1-8040-FABA80C6C7DF}.Release|Any CPU.ActiveCfg = Release|Any CPU
		{206C6FD7-E53C-4BF1-8040-FABA80C6C7DF}.Release|Any CPU.Build.0 = Release|Any CPU
		{5BD233CB-BDB0-4155-9358-646EDA17DFC7}.Debug|Any CPU.ActiveCfg = Debug|Any CPU
		{5BD233CB-BDB0-4155-9358-646EDA17DFC7}.Debug|Any CPU.Build.0 = Debug|Any CPU
		{5BD233CB-BDB0-4155-9358-646EDA17DFC7}.Release|Any CPU.ActiveCfg = Release|Any CPU
		{5BD233CB-BDB0-4155-9358-646EDA17DFC7}.Release|Any CPU.Build.0 = Release|Any CPU
		{2C3C5A86-521F-49E7-BEDD-F3B797C3C9FE}.Debug|Any CPU.ActiveCfg = Debug|Any CPU
		{2C3C5A86-521F-49E7-BEDD-F3B797C3C9FE}.Debug|Any CPU.Build.0 = Debug|Any CPU
		{2C3C5A86-521F-49E7-BEDD-F3B797C3C9FE}.Release|Any CPU.ActiveCfg = Release|Any CPU
		{2C3C5A86-521F-49E7-BEDD-F3B797C3C9FE}.Release|Any CPU.Build.0 = Release|Any CPU
		{F789015C-4F6B-47A6-9650-8C40AFBEE3A3}.Debug|Any CPU.ActiveCfg = Debug|Any CPU
		{F789015C-4F6B-47A6-9650-8C40AFBEE3A3}.Debug|Any CPU.Build.0 = Debug|Any CPU
		{F789015C-4F6B-47A6-9650-8C40AFBEE3A3}.Release|Any CPU.ActiveCfg = Release|Any CPU
		{F789015C-4F6B-47A6-9650-8C40AFBEE3A3}.Release|Any CPU.Build.0 = Release|Any CPU
		{71CC0182-E731-4EBA-9E86-BE750835AC4F}.Debug|Any CPU.ActiveCfg = Debug|Any CPU
		{71CC0182-E731-4EBA-9E86-BE750835AC4F}.Debug|Any CPU.Build.0 = Debug|Any CPU
		{71CC0182-E731-4EBA-9E86-BE750835AC4F}.Release|Any CPU.ActiveCfg = Release|Any CPU
		{71CC0182-E731-4EBA-9E86-BE750835AC4F}.Release|Any CPU.Build.0 = Release|Any CPU
	EndGlobalSection
	GlobalSection(SolutionProperties) = preSolution
		HideSolutionNode = FALSE
	EndGlobalSection
	GlobalSection(NestedProjects) = preSolution
		{9C2538F0-7375-47C7-89E0-3C77BFADCA40} = {7A55B635-12FE-4050-8944-47E371C5012A}
		{7435C921-4069-4207-9E93-009E8EA1A3DA} = {7A55B635-12FE-4050-8944-47E371C5012A}
		{11AC8050-D50D-4BBA-8274-5F0A5F89625D} = {7A55B635-12FE-4050-8944-47E371C5012A}
		{E2177FD0-42DC-466B-B133-D9663EA03557} = {7435C921-4069-4207-9E93-009E8EA1A3DA}
		{FAD4E4D9-8437-43EE-91EC-9D3D227E4786} = {E2177FD0-42DC-466B-B133-D9663EA03557}
		{519B8D24-E014-4F0F-9EB0-E7018BAD9E74} = {11AC8050-D50D-4BBA-8274-5F0A5F89625D}
		{A4A7E2EA-E2E6-4690-9551-316A2CB34ECB} = {519B8D24-E014-4F0F-9EB0-E7018BAD9E74}
		{8AFFAF55-E7A2-449B-8927-ED3119247506} = {9C2538F0-7375-47C7-89E0-3C77BFADCA40}
		{8BC46010-E4A5-4211-8AA4-210BF7477C64} = {8AFFAF55-E7A2-449B-8927-ED3119247506}
		{8272D9EC-3370-43D5-8062-ED281133A2E5} = {D8BBFBA5-723D-4CCE-B104-2D106BA581DF}
		{206C6FD7-E53C-4BF1-8040-FABA80C6C7DF} = {3B812D32-14E1-423A-A962-835FAF403C41}
		{5BD233CB-BDB0-4155-9358-646EDA17DFC7} = {8E768E44-BA0A-4F69-97AE-238CFF476352}
		{2C3C5A86-521F-49E7-BEDD-F3B797C3C9FE} = {961BCB15-6DF9-4A15-99E4-8ED4D7603615}
		{F789015C-4F6B-47A6-9650-8C40AFBEE3A3} = {61730CDB-3A1F-4169-AD6C-6E42D2897DCE}
		{8E768E44-BA0A-4F69-97AE-238CFF476352} = {7435C921-4069-4207-9E93-009E8EA1A3DA}
		{61730CDB-3A1F-4169-AD6C-6E42D2897DCE} = {7435C921-4069-4207-9E93-009E8EA1A3DA}
		{961BCB15-6DF9-4A15-99E4-8ED4D7603615} = {7435C921-4069-4207-9E93-009E8EA1A3DA}
		{3B812D32-14E1-423A-A962-835FAF403C41} = {7435C921-4069-4207-9E93-009E8EA1A3DA}
		{D8BBFBA5-723D-4CCE-B104-2D106BA581DF} = {7435C921-4069-4207-9E93-009E8EA1A3DA}
		{E3EC04E8-6D8C-4107-9CB6-5AFCAA03E593} = {9C2538F0-7375-47C7-89E0-3C77BFADCA40}
		{71CC0182-E731-4EBA-9E86-BE750835AC4F} = {E3EC04E8-6D8C-4107-9CB6-5AFCAA03E593}
	EndGlobalSection
	GlobalSection(ExtensibilityGlobals) = postSolution
		SolutionGuid = {8D5C0E33-AF80-4675-AC5D-CAF7EB5C50EB}
	EndGlobalSection
EndGlobal
