
Microsoft Visual Studio Solution File, Format Version 12.00
# Visual Studio Version 16
VisualStudioVersion = 16.0.30804.86
MinimumVisualStudioVersion = 10.0.40219.1
Project("{2150E333-8FDC-42A3-9474-1A3956D46DE8}") = "src", "src", "{7A55B635-12FE-4050-8944-47E371C5012A}"
EndProject
Project("{2150E333-8FDC-42A3-9474-1A3956D46DE8}") = "BuildingBlocks", "BuildingBlocks", "{9C2538F0-7375-47C7-89E0-3C77BFADCA40}"
EndProject
Project("{2150E333-8FDC-42A3-9474-1A3956D46DE8}") = "Services", "Services", "{7435C921-4069-4207-9E93-009E8EA1A3DA}"
EndProject
Project("{2150E333-8FDC-42A3-9474-1A3956D46DE8}") = "Web", "Web", "{11AC8050-D50D-4BBA-8274-5F0A5F89625D}"
EndProject
Project("{2150E333-8FDC-42A3-9474-1A3956D46DE8}") = "Identities", "Identities", "{E2177FD0-42DC-466B-B133-D9663EA03557}"
EndProject
Project("{9A19103F-16F7-4668-BE54-9A1E7A4F7556}") = "NS.Identities.API", "src\services\NS.Identities.API\NS.Identities.API.csproj", "{FAD4E4D9-8437-43EE-91EC-9D3D227E4786}"
EndProject
Project("{2150E333-8FDC-42A3-9474-1A3956D46DE8}") = "MVC", "MVC", "{519B8D24-E014-4F0F-9EB0-E7018BAD9E74}"
EndProject
Project("{9A19103F-16F7-4668-BE54-9A1E7A4F7556}") = "NS.WebApp.MVC", "src\web\NS.WebApp.MVC\NS.WebApp.MVC.csproj", "{A4A7E2EA-E2E6-4690-9551-316A2CB34ECB}"
EndProject
Project("{2150E333-8FDC-42A3-9474-1A3956D46DE8}") = "Core", "Core", "{8AFFAF55-E7A2-449B-8927-ED3119247506}"
EndProject
Project("{9A19103F-16F7-4668-BE54-9A1E7A4F7556}") = "NS.Core", "src\buildingBlocks\NS.Core\NS.Core.csproj", "{8BC46010-E4A5-4211-8AA4-210BF7477C64}"
EndProject
Project("{2150E333-8FDC-42A3-9474-1A3956D46DE8}") = "Services", "Services", "{E3EC04E8-6D8C-4107-9CB6-5AFCAA03E593}"
EndProject
Project("{9A19103F-16F7-4668-BE54-9A1E7A4F7556}") = "NS.WebApi.Core", "src\buildingBlocks\NS.WebApi.Core\NS.WebApi.Core.csproj", "{71CC0182-E731-4EBA-9E86-BE750835AC4F}"
EndProject
Project("{2150E333-8FDC-42A3-9474-1A3956D46DE8}") = "Products", "Products", "{352057DE-A4B2-49C1-9A8B-C86ABCFB52C6}"
EndProject
Project("{9A19103F-16F7-4668-BE54-9A1E7A4F7556}") = "NS.Products.API", "src\services\NS.Products.API\NS.Products.API.csproj", "{CF90A77F-C756-47F6-97E2-BDE994F6A2D5}"
EndProject
Project("{2150E333-8FDC-42A3-9474-1A3956D46DE8}") = "Customers", "Customers", "{C359ACA2-1460-494D-9979-B8E912B15833}"
EndProject
Project("{9A19103F-16F7-4668-BE54-9A1E7A4F7556}") = "NS.Customers.API", "src\services\NS.Customers.API\NS.Customers.API.csproj", "{03DE850F-510D-4AF1-B60E-1D1AEC58D7E8}"
EndProject
Project("{2150E333-8FDC-42A3-9474-1A3956D46DE8}") = "Orders", "Orders", "{B1472479-8FD8-4254-AA84-7DCBDE19CE1F}"
EndProject
Project("{9A19103F-16F7-4668-BE54-9A1E7A4F7556}") = "NS.Orders.API", "src\services\NS.Orders.API\NS.Orders.API.csproj", "{FB317ACF-8BD1-4D04-82C4-7CCB88979200}"
EndProject
Project("{2150E333-8FDC-42A3-9474-1A3956D46DE8}") = "Payments", "Payments", "{6B51B430-8255-4550-A8AC-160B229A1D14}"
EndProject
Project("{9A19103F-16F7-4668-BE54-9A1E7A4F7556}") = "NS.Payments.API", "src\services\NS.Payments.API\NS.Payments.API.csproj", "{44962110-F44B-4784-8A2C-E5781A5CFFA9}"
EndProject
Project("{2150E333-8FDC-42A3-9474-1A3956D46DE8}") = "ShoppingCarts", "ShoppingCarts", "{6DACF621-2F83-45A7-AA28-56E0D93E8C53}"
EndProject
Project("{9A19103F-16F7-4668-BE54-9A1E7A4F7556}") = "NS.ShoppingCarts.API", "src\services\NS.ShoppingCarts.API\NS.ShoppingCarts.API.csproj", "{2D869EAE-3E39-4507-9ADF-1453CFDC47AC}"
EndProject
Project("{2150E333-8FDC-42A3-9474-1A3956D46DE8}") = "MessageBus", "MessageBus", "{F3BB0613-144E-44D4-A414-88EDBBD35D84}"
EndProject
Project("{FAE04EC0-301F-11D3-BF4B-00C04F79EFBC}") = "NS.MessageBus", "src\buildingBlocks\NS.MessageBus\NS.MessageBus.csproj", "{BC60B334-91F9-4684-8D70-2D7886DDC753}"
EndProject
Global
	GlobalSection(SolutionConfigurationPlatforms) = preSolution
		Debug|Any CPU = Debug|Any CPU
		Release|Any CPU = Release|Any CPU
	EndGlobalSection
	GlobalSection(ProjectConfigurationPlatforms) = postSolution
		{FAD4E4D9-8437-43EE-91EC-9D3D227E4786}.Debug|Any CPU.ActiveCfg = Debug|Any CPU
		{FAD4E4D9-8437-43EE-91EC-9D3D227E4786}.Debug|Any CPU.Build.0 = Debug|Any CPU
		{FAD4E4D9-8437-43EE-91EC-9D3D227E4786}.Release|Any CPU.ActiveCfg = Release|Any CPU
		{FAD4E4D9-8437-43EE-91EC-9D3D227E4786}.Release|Any CPU.Build.0 = Release|Any CPU
		{A4A7E2EA-E2E6-4690-9551-316A2CB34ECB}.Debug|Any CPU.ActiveCfg = Debug|Any CPU
		{A4A7E2EA-E2E6-4690-9551-316A2CB34ECB}.Debug|Any CPU.Build.0 = Debug|Any CPU
		{A4A7E2EA-E2E6-4690-9551-316A2CB34ECB}.Release|Any CPU.ActiveCfg = Release|Any CPU
		{A4A7E2EA-E2E6-4690-9551-316A2CB34ECB}.Release|Any CPU.Build.0 = Release|Any CPU
		{8BC46010-E4A5-4211-8AA4-210BF7477C64}.Debug|Any CPU.ActiveCfg = Debug|Any CPU
		{8BC46010-E4A5-4211-8AA4-210BF7477C64}.Debug|Any CPU.Build.0 = Debug|Any CPU
		{8BC46010-E4A5-4211-8AA4-210BF7477C64}.Release|Any CPU.ActiveCfg = Release|Any CPU
		{8BC46010-E4A5-4211-8AA4-210BF7477C64}.Release|Any CPU.Build.0 = Release|Any CPU
		{71CC0182-E731-4EBA-9E86-BE750835AC4F}.Debug|Any CPU.ActiveCfg = Debug|Any CPU
		{71CC0182-E731-4EBA-9E86-BE750835AC4F}.Debug|Any CPU.Build.0 = Debug|Any CPU
		{71CC0182-E731-4EBA-9E86-BE750835AC4F}.Release|Any CPU.ActiveCfg = Release|Any CPU
		{71CC0182-E731-4EBA-9E86-BE750835AC4F}.Release|Any CPU.Build.0 = Release|Any CPU
		{CF90A77F-C756-47F6-97E2-BDE994F6A2D5}.Debug|Any CPU.ActiveCfg = Debug|Any CPU
		{CF90A77F-C756-47F6-97E2-BDE994F6A2D5}.Debug|Any CPU.Build.0 = Debug|Any CPU
		{CF90A77F-C756-47F6-97E2-BDE994F6A2D5}.Release|Any CPU.ActiveCfg = Release|Any CPU
		{CF90A77F-C756-47F6-97E2-BDE994F6A2D5}.Release|Any CPU.Build.0 = Release|Any CPU
		{03DE850F-510D-4AF1-B60E-1D1AEC58D7E8}.Debug|Any CPU.ActiveCfg = Debug|Any CPU
		{03DE850F-510D-4AF1-B60E-1D1AEC58D7E8}.Debug|Any CPU.Build.0 = Debug|Any CPU
		{03DE850F-510D-4AF1-B60E-1D1AEC58D7E8}.Release|Any CPU.ActiveCfg = Release|Any CPU
		{03DE850F-510D-4AF1-B60E-1D1AEC58D7E8}.Release|Any CPU.Build.0 = Release|Any CPU
		{FB317ACF-8BD1-4D04-82C4-7CCB88979200}.Debug|Any CPU.ActiveCfg = Debug|Any CPU
		{FB317ACF-8BD1-4D04-82C4-7CCB88979200}.Debug|Any CPU.Build.0 = Debug|Any CPU
		{FB317ACF-8BD1-4D04-82C4-7CCB88979200}.Release|Any CPU.ActiveCfg = Release|Any CPU
		{FB317ACF-8BD1-4D04-82C4-7CCB88979200}.Release|Any CPU.Build.0 = Release|Any CPU
		{44962110-F44B-4784-8A2C-E5781A5CFFA9}.Debug|Any CPU.ActiveCfg = Debug|Any CPU
		{44962110-F44B-4784-8A2C-E5781A5CFFA9}.Debug|Any CPU.Build.0 = Debug|Any CPU
		{44962110-F44B-4784-8A2C-E5781A5CFFA9}.Release|Any CPU.ActiveCfg = Release|Any CPU
		{44962110-F44B-4784-8A2C-E5781A5CFFA9}.Release|Any CPU.Build.0 = Release|Any CPU
		{2D869EAE-3E39-4507-9ADF-1453CFDC47AC}.Debug|Any CPU.ActiveCfg = Debug|Any CPU
		{2D869EAE-3E39-4507-9ADF-1453CFDC47AC}.Debug|Any CPU.Build.0 = Debug|Any CPU
		{2D869EAE-3E39-4507-9ADF-1453CFDC47AC}.Release|Any CPU.ActiveCfg = Release|Any CPU
		{2D869EAE-3E39-4507-9ADF-1453CFDC47AC}.Release|Any CPU.Build.0 = Release|Any CPU
		{BC60B334-91F9-4684-8D70-2D7886DDC753}.Debug|Any CPU.ActiveCfg = Debug|Any CPU
		{BC60B334-91F9-4684-8D70-2D7886DDC753}.Debug|Any CPU.Build.0 = Debug|Any CPU
		{BC60B334-91F9-4684-8D70-2D7886DDC753}.Release|Any CPU.ActiveCfg = Release|Any CPU
		{BC60B334-91F9-4684-8D70-2D7886DDC753}.Release|Any CPU.Build.0 = Release|Any CPU
	EndGlobalSection
	GlobalSection(SolutionProperties) = preSolution
		HideSolutionNode = FALSE
	EndGlobalSection
	GlobalSection(NestedProjects) = preSolution
		{9C2538F0-7375-47C7-89E0-3C77BFADCA40} = {7A55B635-12FE-4050-8944-47E371C5012A}
		{7435C921-4069-4207-9E93-009E8EA1A3DA} = {7A55B635-12FE-4050-8944-47E371C5012A}
		{11AC8050-D50D-4BBA-8274-5F0A5F89625D} = {7A55B635-12FE-4050-8944-47E371C5012A}
		{E2177FD0-42DC-466B-B133-D9663EA03557} = {7435C921-4069-4207-9E93-009E8EA1A3DA}
		{FAD4E4D9-8437-43EE-91EC-9D3D227E4786} = {E2177FD0-42DC-466B-B133-D9663EA03557}
		{519B8D24-E014-4F0F-9EB0-E7018BAD9E74} = {11AC8050-D50D-4BBA-8274-5F0A5F89625D}
		{A4A7E2EA-E2E6-4690-9551-316A2CB34ECB} = {519B8D24-E014-4F0F-9EB0-E7018BAD9E74}
		{8AFFAF55-E7A2-449B-8927-ED3119247506} = {9C2538F0-7375-47C7-89E0-3C77BFADCA40}
		{8BC46010-E4A5-4211-8AA4-210BF7477C64} = {8AFFAF55-E7A2-449B-8927-ED3119247506}
		{E3EC04E8-6D8C-4107-9CB6-5AFCAA03E593} = {9C2538F0-7375-47C7-89E0-3C77BFADCA40}
		{71CC0182-E731-4EBA-9E86-BE750835AC4F} = {E3EC04E8-6D8C-4107-9CB6-5AFCAA03E593}
		{352057DE-A4B2-49C1-9A8B-C86ABCFB52C6} = {7435C921-4069-4207-9E93-009E8EA1A3DA}
		{CF90A77F-C756-47F6-97E2-BDE994F6A2D5} = {352057DE-A4B2-49C1-9A8B-C86ABCFB52C6}
		{C359ACA2-1460-494D-9979-B8E912B15833} = {7435C921-4069-4207-9E93-009E8EA1A3DA}
		{03DE850F-510D-4AF1-B60E-1D1AEC58D7E8} = {C359ACA2-1460-494D-9979-B8E912B15833}
		{B1472479-8FD8-4254-AA84-7DCBDE19CE1F} = {7435C921-4069-4207-9E93-009E8EA1A3DA}
		{FB317ACF-8BD1-4D04-82C4-7CCB88979200} = {B1472479-8FD8-4254-AA84-7DCBDE19CE1F}
		{6B51B430-8255-4550-A8AC-160B229A1D14} = {7435C921-4069-4207-9E93-009E8EA1A3DA}
		{44962110-F44B-4784-8A2C-E5781A5CFFA9} = {6B51B430-8255-4550-A8AC-160B229A1D14}
		{6DACF621-2F83-45A7-AA28-56E0D93E8C53} = {7435C921-4069-4207-9E93-009E8EA1A3DA}
		{2D869EAE-3E39-4507-9ADF-1453CFDC47AC} = {6DACF621-2F83-45A7-AA28-56E0D93E8C53}
		{F3BB0613-144E-44D4-A414-88EDBBD35D84} = {9C2538F0-7375-47C7-89E0-3C77BFADCA40}
		{BC60B334-91F9-4684-8D70-2D7886DDC753} = {F3BB0613-144E-44D4-A414-88EDBBD35D84}
	EndGlobalSection
	GlobalSection(ExtensibilityGlobals) = postSolution
		SolutionGuid = {8D5C0E33-AF80-4675-AC5D-CAF7EB5C50EB}
	EndGlobalSection
EndGlobal
